
Microsoft Visual Studio Solution File, Format Version 12.00
# Visual Studio Version 17
VisualStudioVersion = 17.9.34622.214
MinimumVisualStudioVersion = 10.0.40219.1
Project("{FAE04EC0-301F-11D3-BF4B-00C04F79EFBC}") = "Music Player", "Music Player\Music Player.csproj", "{24B79CCB-5938-4267-A357-7AE08FCCA864}"
EndProject
Global
	GlobalSection(SolutionConfigurationPlatforms) = preSolution
		Debug|Any CPU = Debug|Any CPU
		Release|Any CPU = Release|Any CPU
	EndGlobalSection
	GlobalSection(ProjectConfigurationPlatforms) = postSolution
		{24B79CCB-5938-4267-A357-7AE08FCCA864}.Debug|Any CPU.ActiveCfg = Debug|Any CPU
		{24B79CCB-5938-4267-A357-7AE08FCCA864}.Debug|Any CPU.Build.0 = Debug|Any CPU
		{24B79CCB-5938-4267-A357-7AE08FCCA864}.Release|Any CPU.ActiveCfg = Release|Any CPU
		{24B79CCB-5938-4267-A357-7AE08FCCA864}.Release|Any CPU.Build.0 = Release|Any CPU
	EndGlobalSection
	GlobalSection(SolutionProperties) = preSolution
		HideSolutionNode = FALSE
	EndGlobalSection
	GlobalSection(ExtensibilityGlobals) = postSolution
		SolutionGuid = {035247C6-1A77-4F58-A259-B84AF0E839D4}
	EndGlobalSection
EndGlobal
